// !$*UTF8*$!
{
	archiveVersion = 1;
	classes = {
	};
	objectVersion = 77;
	objects = {

/* Begin PBXContainerItemProxy section */
		18D709F62E0586C9001F9426 /* PBXContainerItemProxy */ = {
			isa = PBXContainerItemProxy;
			containerPortal = 18D709D72E0586C6001F9426 /* Project object */;
			proxyType = 1;
			remoteGlobalIDString = 18D709DE2E0586C6001F9426;
			remoteInfo = MyPrimePlay;
		};
		18D70A002E0586C9001F9426 /* PBXContainerItemProxy */ = {
			isa = PBXContainerItemProxy;
			containerPortal = 18D709D72E0586C6001F9426 /* Project object */;
			proxyType = 1;
			remoteGlobalIDString = 18D709DE2E0586C6001F9426;
			remoteInfo = MyPrimePlay;
		};
/* End PBXContainerItemProxy section */

/* Begin PBXFileReference section */
		18D709DF2E0586C6001F9426 /* MyPrimePlay.app */ = {isa = PBXFileReference; explicitFileType = wrapper.application; includeInIndex = 0; path = MyPrimePlay.app; sourceTree = BUILT_PRODUCTS_DIR; };
		18D709F52E0586C9001F9426 /* MyPrimePlayTests.xctest */ = {isa = PBXFileReference; explicitFileType = wrapper.cfbundle; includeInIndex = 0; path = MyPrimePlayTests.xctest; sourceTree = BUILT_PRODUCTS_DIR; };
		18D709FF2E0586C9001F9426 /* MyPrimePlayUITests.xctest */ = {isa = PBXFileReference; explicitFileType = wrapper.cfbundle; includeInIndex = 0; path = MyPrimePlayUITests.xctest; sourceTree = BUILT_PRODUCTS_DIR; };
/* End PBXFileReference section */

/* Begin PBXFileSystemSynchronizedBuildFileExceptionSet section */
		18D70A072E0586C9001F9426 /* Exceptions for "MyPrimePlay" folder in "MyPrimePlay" target */ = {
			isa = PBXFileSystemSynchronizedBuildFileExceptionSet;
			membershipExceptions = (
				Info.plist,
			);
			target = 18D709DE2E0586C6001F9426 /* MyPrimePlay */;
		};
/* End PBXFileSystemSynchronizedBuildFileExceptionSet section */

/* Begin PBXFileSystemSynchronizedRootGroup section */
		18D709E12E0586C6001F9426 /* MyPrimePlay */ = {
			isa = PBXFileSystemSynchronizedRootGroup;
			exceptions = (
				18D70A072E0586C9001F9426 /* Exceptions for "MyPrimePlay" folder in "MyPrimePlay" target */,
			);
			path = MyPrimePlay;
			sourceTree = "<group>";
		};
		18D709F82E0586C9001F9426 /* MyPrimePlayTests */ = {
			isa = PBXFileSystemSynchronizedRootGroup;
			path = MyPrimePlayTests;
			sourceTree = "<group>";
		};
		18D70A022E0586C9001F9426 /* MyPrimePlayUITests */ = {
			isa = PBXFileSystemSynchronizedRootGroup;
			path = MyPrimePlayUITests;
			sourceTree = "<group>";
		};
/* End PBXFileSystemSynchronizedRootGroup section */

/* Begin PBXFrameworksBuildPhase section */
		18D709DC2E0586C6001F9426 /* Frameworks */ = {
			isa = PBXFrameworksBuildPhase;
			buildActionMask = 2147483647;
			files = (
			);
			runOnlyForDeploymentPostprocessing = 0;
		};
		18D709F22E0586C9001F9426 /* Frameworks */ = {
			isa = PBXFrameworksBuildPhase;
			buildActionMask = 2147483647;
			files = (
			);
			runOnlyForDeploymentPostprocessing = 0;
		};
		18D709FC2E0586C9001F9426 /* Frameworks */ = {
			isa = PBXFrameworksBuildPhase;
			buildActionMask = 2147483647;
			files = (
			);
			runOnlyForDeploymentPostprocessing = 0;
		};
/* End PBXFrameworksBuildPhase section */

/* Begin PBXGroup section */
		18D709D62E0586C6001F9426 = {
			isa = PBXGroup;
			children = (
				18D709E12E0586C6001F9426 /* MyPrimePlay */,
				18D709F82E0586C9001F9426 /* MyPrimePlayTests */,
				18D70A022E0586C9001F9426 /* MyPrimePlayUITests */,
				18D709E02E0586C6001F9426 /* Products */,
			);
			sourceTree = "<group>";
		};
		18D709E02E0586C6001F9426 /* Products */ = {
			isa = PBXGroup;
			children = (
				18D709DF2E0586C6001F9426 /* MyPrimePlay.app */,
				18D709F52E0586C9001F9426 /* MyPrimePlayTests.xctest */,
				18D709FF2E0586C9001F9426 /* MyPrimePlayUITests.xctest */,
			);
			name = Products;
			sourceTree = "<group>";
		};
/* End PBXGroup section */

/* Begin PBXNativeTarget section */
		18D709DE2E0586C6001F9426 /* MyPrimePlay */ = {
			isa = PBXNativeTarget;
			buildConfigurationList = 18D70A082E0586C9001F9426 /* Build configuration list for PBXNativeTarget "MyPrimePlay" */;
			buildPhases = (
				18D709DB2E0586C6001F9426 /* Sources */,
				18D709DC2E0586C6001F9426 /* Frameworks */,
				18D709DD2E0586C6001F9426 /* Resources */,
			);
			buildRules = (
			);
			dependencies = (
			);
			fileSystemSynchronizedGroups = (
				18D709E12E0586C6001F9426 /* MyPrimePlay */,
			);
			name = MyPrimePlay;
			packageProductDependencies = (
			);
			productName = MyPrimePlay;
			productReference = 18D709DF2E0586C6001F9426 /* MyPrimePlay.app */;
			productType = "com.apple.product-type.application";
		};
		18D709F42E0586C9001F9426 /* MyPrimePlayTests */ = {
			isa = PBXNativeTarget;
			buildConfigurationList = 18D70A0D2E0586C9001F9426 /* Build configuration list for PBXNativeTarget "MyPrimePlayTests" */;
			buildPhases = (
				18D709F12E0586C9001F9426 /* Sources */,
				18D709F22E0586C9001F9426 /* Frameworks */,
				18D709F32E0586C9001F9426 /* Resources */,
			);
			buildRules = (
			);
			dependencies = (
				18D709F72E0586C9001F9426 /* PBXTargetDependency */,
			);
			fileSystemSynchronizedGroups = (
				18D709F82E0586C9001F9426 /* MyPrimePlayTests */,
			);
			name = MyPrimePlayTests;
			packageProductDependencies = (
			);
			productName = MyPrimePlayTests;
			productReference = 18D709F52E0586C9001F9426 /* MyPrimePlayTests.xctest */;
			productType = "com.apple.product-type.bundle.unit-test";
		};
		18D709FE2E0586C9001F9426 /* MyPrimePlayUITests */ = {
			isa = PBXNativeTarget;
			buildConfigurationList = 18D70A102E0586C9001F9426 /* Build configuration list for PBXNativeTarget "MyPrimePlayUITests" */;
			buildPhases = (
				18D709FB2E0586C9001F9426 /* Sources */,
				18D709FC2E0586C9001F9426 /* Frameworks */,
				18D709FD2E0586C9001F9426 /* Resources */,
			);
			buildRules = (
			);
			dependencies = (
				18D70A012E0586C9001F9426 /* PBXTargetDependency */,
			);
			fileSystemSynchronizedGroups = (
				18D70A022E0586C9001F9426 /* MyPrimePlayUITests */,
			);
			name = MyPrimePlayUITests;
			packageProductDependencies = (
			);
			productName = MyPrimePlayUITests;
			productReference = 18D709FF2E0586C9001F9426 /* MyPrimePlayUITests.xctest */;
			productType = "com.apple.product-type.bundle.ui-testing";
		};
/* End PBXNativeTarget section */

/* Begin PBXProject section */
		18D709D72E0586C6001F9426 /* Project object */ = {
			isa = PBXProject;
			attributes = {
				BuildIndependentTargetsInParallel = 1;
				LastSwiftUpdateCheck = 1630;
				LastUpgradeCheck = 1630;
				TargetAttributes = {
					18D709DE2E0586C6001F9426 = {
						CreatedOnToolsVersion = 16.3;
					};
					18D709F42E0586C9001F9426 = {
						CreatedOnToolsVersion = 16.3;
						TestTargetID = 18D709DE2E0586C6001F9426;
					};
					18D709FE2E0586C9001F9426 = {
						CreatedOnToolsVersion = 16.3;
						TestTargetID = 18D709DE2E0586C6001F9426;
					};
				};
			};
			buildConfigurationList = 18D709DA2E0586C6001F9426 /* Build configuration list for PBXProject "MyPrimePlay" */;
			developmentRegion = en;
			hasScannedForEncodings = 0;
			knownRegions = (
				en,
				Base,
			);
			mainGroup = 18D709D62E0586C6001F9426;
			minimizedProjectReferenceProxies = 1;
			preferredProjectObjectVersion = 77;
			productRefGroup = 18D709E02E0586C6001F9426 /* Products */;
			projectDirPath = "";
			projectRoot = "";
			targets = (
				18D709DE2E0586C6001F9426 /* MyPrimePlay */,
				18D709F42E0586C9001F9426 /* MyPrimePlayTests */,
				18D709FE2E0586C9001F9426 /* MyPrimePlayUITests */,
			);
		};
/* End PBXProject section */

/* Begin PBXResourcesBuildPhase section */
		18D709DD2E0586C6001F9426 /* Resources */ = {
			isa = PBXResourcesBuildPhase;
			buildActionMask = 2147483647;
			files = (
			);
			runOnlyForDeploymentPostprocessing = 0;
		};
		18D709F32E0586C9001F9426 /* Resources */ = {
			isa = PBXResourcesBuildPhase;
			buildActionMask = 2147483647;
			files = (
			);
			runOnlyForDeploymentPostprocessing = 0;
		};
		18D709FD2E0586C9001F9426 /* Resources */ = {
			isa = PBXResourcesBuildPhase;
			buildActionMask = 2147483647;
			files = (
			);
			runOnlyForDeploymentPostprocessing = 0;
		};
/* End PBXResourcesBuildPhase section */

/* Begin PBXSourcesBuildPhase section */
		18D709DB2E0586C6001F9426 /* Sources */ = {
			isa = PBXSourcesBuildPhase;
			buildActionMask = 2147483647;
			files = (
			);
			runOnlyForDeploymentPostprocessing = 0;
		};
		18D709F12E0586C9001F9426 /* Sources */ = {
			isa = PBXSourcesBuildPhase;
			buildActionMask = 2147483647;
			files = (
			);
			runOnlyForDeploymentPostprocessing = 0;
		};
		18D709FB2E0586C9001F9426 /* Sources */ = {
			isa = PBXSourcesBuildPhase;
			buildActionMask = 2147483647;
			files = (
			);
			runOnlyForDeploymentPostprocessing = 0;
		};
/* End PBXSourcesBuildPhase section */

/* Begin PBXTargetDependency section */
		18D709F72E0586C9001F9426 /* PBXTargetDependency */ = {
			isa = PBXTargetDependency;
			target = 18D709DE2E0586C6001F9426 /* MyPrimePlay */;
			targetProxy = 18D709F62E0586C9001F9426 /* PBXContainerItemProxy */;
		};
		18D70A012E0586C9001F9426 /* PBXTargetDependency */ = {
			isa = PBXTargetDependency;
			target = 18D709DE2E0586C6001F9426 /* MyPrimePlay */;
			targetProxy = 18D70A002E0586C9001F9426 /* PBXContainerItemProxy */;
		};
/* End PBXTargetDependency section */

/* Begin XCBuildConfiguration section */
		18D70A092E0586C9001F9426 /* Debug */ = {
			isa = XCBuildConfiguration;
			buildSettings = {
				ASSETCATALOG_COMPILER_APPICON_NAME = AppIcon;
				ASSETCATALOG_COMPILER_GLOBAL_ACCENT_COLOR_NAME = AccentColor;
				CODE_SIGN_STYLE = Automatic;
				CURRENT_PROJECT_VERSION = 1;
				DEVELOPMENT_TEAM = 8MF89G73K4;
				GENERATE_INFOPLIST_FILE = YES;
				INFOPLIST_FILE = MyPrimePlay/Info.plist;
				INFOPLIST_KEY_UIApplicationSupportsIndirectInputEvents = YES;
				INFOPLIST_KEY_UILaunchStoryboardName = LaunchScreen;
				INFOPLIST_KEY_UISupportedInterfaceOrientations_iPad = "UIInterfaceOrientationPortrait UIInterfaceOrientationPortraitUpsideDown UIInterfaceOrientationLandscapeLeft UIInterfaceOrientationLandscapeRight";
				INFOPLIST_KEY_UISupportedInterfaceOrientations_iPhone = "UIInterfaceOrientationPortrait UIInterfaceOrientationLandscapeLeft UIInterfaceOrientationLandscapeRight";
				LD_RUNPATH_SEARCH_PATHS = (
					"$(inherited)",
					"@executable_path/Frameworks",
				);
				MARKETING_VERSION = 1.0;
				PRODUCT_BUNDLE_IDENTIFIER = com.rudrigo.MyPrimePlay;
				PRODUCT_NAME = "$(TARGET_NAME)";
				SWIFT_EMIT_LOC_STRINGS = YES;
				SWIFT_VERSION = 5.0;
				TARGETED_DEVICE_FAMILY = "1,2";
			};
			name = Debug;
		};
		18D70A0A2E0586C9001F9426 /* Release */ = {
			isa = XCBuildConfiguration;
			buildSettings = {
				ASSETCATALOG_COMPILER_APPICON_NAME = AppIcon;
				ASSETCATALOG_COMPILER_GLOBAL_ACCENT_COLOR_NAME = AccentColor;
				CODE_SIGN_STYLE = Automatic;
				CURRENT_PROJECT_VERSION = 1;
				DEVELOPMENT_TEAM = 8MF89G73K4;
				GENERATE_INFOPLIST_FILE = YES;
				INFOPLIST_FILE = MyPrimePlay/Info.plist;
				INFOPLIST_KEY_UIApplicationSupportsIndirectInputEvents = YES;
				INFOPLIST_KEY_UILaunchStoryboardName = LaunchScreen;
				INFOPLIST_KEY_UISupportedInterfaceOrientations_iPad = "UIInterfaceOrientationPortrait UIInterfaceOrientationPortraitUpsideDown UIInterfaceOrientationLandscapeLeft UIInterfaceOrientationLandscapeRight";
				INFOPLIST_KEY_UISupportedInterfaceOrientations_iPhone = "UIInterfaceOrientationPortrait UIInterfaceOrientationLandscapeLeft UIInterfaceOrientationLandscapeRight";
				LD_RUNPATH_SEARCH_PATHS = (
					"$(inherited)",
					"@executable_path/Frameworks",
				);
				MARKETING_VERSION = 1.0;
				PRODUCT_BUNDLE_IDENTIFIER = com.rudrigo.MyPrimePlay;
				PRODUCT_NAME = "$(TARGET_NAME)";
				SWIFT_EMIT_LOC_STRINGS = YES;
				SWIFT_VERSION = 5.0;
				TARGETED_DEVICE_FAMILY = "1,2";
			};
			name = Release;
		};
		18D70A0B2E0586C9001F9426 /* Debug */ = {
			isa = XCBuildConfiguration;
			buildSettings = {
				ALWAYS_SEARCH_USER_PATHS = NO;
				ASSETCATALOG_COMPILER_GENERATE_SWIFT_ASSET_SYMBOL_EXTENSIONS = YES;
				CLANG_ANALYZER_NONNULL = YES;
				CLANG_ANALYZER_NUMBER_OBJECT_CONVERSION = YES_AGGRESSIVE;
				CLANG_CXX_LANGUAGE_STANDARD = "gnu++20";
				CLANG_ENABLE_MODULES = YES;
				CLANG_ENABLE_OBJC_ARC = YES;
				CLANG_ENABLE_OBJC_WEAK = YES;
				CLANG_WARN_BLOCK_CAPTURE_AUTORELEASING = YES;
				CLANG_WARN_BOOL_CONVERSION = YES;
				CLANG_WARN_COMMA = YES;
				CLANG_WARN_CONSTANT_CONVERSION = YES;
				CLANG_WARN_DEPRECATED_OBJC_IMPLEMENTATIONS = YES;
				CLANG_WARN_DIRECT_OBJC_ISA_USAGE = YES_ERROR;
				CLANG_WARN_DOCUMENTATION_COMMENTS = YES;
				CLANG_WARN_EMPTY_BODY = YES;
				CLANG_WARN_ENUM_CONVERSION = YES;
				CLANG_WARN_INFINITE_RECURSION = YES;
				CLANG_WARN_INT_CONVERSION = YES;
				CLANG_WARN_NON_LITERAL_NULL_CONVERSION = YES;
				CLANG_WARN_OBJC_IMPLICIT_RETAIN_SELF = YES;
				CLANG_WARN_OBJC_LITERAL_CONVERSION = YES;
				CLANG_WARN_OBJC_ROOT_CLASS = YES_ERROR;
				CLANG_WARN_QUOTED_INCLUDE_IN_FRAMEWORK_HEADER = YES;
				CLANG_WARN_RANGE_LOOP_ANALYSIS = YES;
				CLANG_WARN_STRICT_PROTOTYPES = YES;
				CLANG_WARN_SUSPICIOUS_MOVE = YES;
				CLANG_WARN_UNGUARDED_AVAILABILITY = YES_AGGRESSIVE;
				CLANG_WARN_UNREACHABLE_CODE = YES;
				CLANG_WARN__DUPLICATE_METHOD_MATCH = YES;
				COPY_PHASE_STRIP = NO;
				DEBUG_INFORMATION_FORMAT = dwarf;
				DEVELOPMENT_TEAM = 8MF89G73K4;
				ENABLE_STRICT_OBJC_MSGSEND = YES;
				ENABLE_TESTABILITY = YES;
				ENABLE_USER_SCRIPT_SANDBOXING = YES;
				GCC_C_LANGUAGE_STANDARD = gnu17;
				GCC_DYNAMIC_NO_PIC = NO;
				GCC_NO_COMMON_BLOCKS = YES;
				GCC_OPTIMIZATION_LEVEL = 0;
				GCC_PREPROCESSOR_DEFINITIONS = (
					"DEBUG=1",
					"$(inherited)",
				);
				GCC_WARN_64_TO_32_BIT_CONVERSION = YES;
				GCC_WARN_ABOUT_RETURN_TYPE = YES_ERROR;
				GCC_WARN_UNDECLARED_SELECTOR = YES;
				GCC_WARN_UNINITIALIZED_AUTOS = YES_AGGRESSIVE;
				GCC_WARN_UNUSED_FUNCTION = YES;
				GCC_WARN_UNUSED_VARIABLE = YES;
				IPHONEOS_DEPLOYMENT_TARGET = 18.4;
				LOCALIZATION_PREFERS_STRING_CATALOGS = YES;
				MTL_ENABLE_DEBUG_INFO = INCLUDE_SOURCE;
				MTL_FAST_MATH = YES;
				ONLY_ACTIVE_ARCH = YES;
				SDKROOT = iphoneos;
				SWIFT_ACTIVE_COMPILATION_CONDITIONS = "DEBUG $(inherited)";
				SWIFT_OPTIMIZATION_LEVEL = "-Onone";
			};
			name = Debug;
		};
		18D70A0C2E0586C9001F9426 /* Release */ = {
			isa = XCBuildConfiguration;
			buildSettings = {
				ALWAYS_SEARCH_USER_PATHS = NO;
				ASSETCATALOG_COMPILER_GENERATE_SWIFT_ASSET_SYMBOL_EXTENSIONS = YES;
				CLANG_ANALYZER_NONNULL = YES;
				CLANG_ANALYZER_NUMBER_OBJECT_CONVERSION = YES_AGGRESSIVE;
				CLANG_CXX_LANGUAGE_STANDARD = "gnu++20";
				CLANG_ENABLE_MODULES = YES;
				CLANG_ENABLE_OBJC_ARC = YES;
				CLANG_ENABLE_OBJC_WEAK = YES;
				CLANG_WARN_BLOCK_CAPTURE_AUTORELEASING = YES;
				CLANG_WARN_BOOL_CONVERSION = YES;
				CLANG_WARN_COMMA = YES;
				CLANG_WARN_CONSTANT_CONVERSION = YES;
				CLANG_WARN_DEPRECATED_OBJC_IMPLEMENTATIONS = YES;
				CLANG_WARN_DIRECT_OBJC_ISA_USAGE = YES_ERROR;
				CLANG_WARN_DOCUMENTATION_COMMENTS = YES;
				CLANG_WARN_EMPTY_BODY = YES;
				CLANG_WARN_ENUM_CONVERSION = YES;
				CLANG_WARN_INFINITE_RECURSION = YES;
				CLANG_WARN_INT_CONVERSION = YES;
				CLANG_WARN_NON_LITERAL_NULL_CONVERSION = YES;
				CLANG_WARN_OBJC_IMPLICIT_RETAIN_SELF = YES;
				CLANG_WARN_OBJC_LITERAL_CONVERSION = YES;
				CLANG_WARN_OBJC_ROOT_CLASS = YES_ERROR;
				CLANG_WARN_QUOTED_INCLUDE_IN_FRAMEWORK_HEADER = YES;
				CLANG_WARN_RANGE_LOOP_ANALYSIS = YES;
				CLANG_WARN_STRICT_PROTOTYPES = YES;
				CLANG_WARN_SUSPICIOUS_MOVE = YES;
				CLANG_WARN_UNGUARDED_AVAILABILITY = YES_AGGRESSIVE;
				CLANG_WARN_UNREACHABLE_CODE = YES;
				CLANG_WARN__DUPLICATE_METHOD_MATCH = YES;
				COPY_PHASE_STRIP = NO;
				DEBUG_INFORMATION_FORMAT = "dwarf-with-dsym";
				DEVELOPMENT_TEAM = 8MF89G73K4;
				ENABLE_NS_ASSERTIONS = NO;
				ENABLE_STRICT_OBJC_MSGSEND = YES;
				ENABLE_USER_SCRIPT_SANDBOXING = YES;
				GCC_C_LANGUAGE_STANDARD = gnu17;
				GCC_NO_COMMON_BLOCKS = YES;
				GCC_WARN_64_TO_32_BIT_CONVERSION = YES;
				GCC_WARN_ABOUT_RETURN_TYPE = YES_ERROR;
				GCC_WARN_UNDECLARED_SELECTOR = YES;
				GCC_WARN_UNINITIALIZED_AUTOS = YES_AGGRESSIVE;
				GCC_WARN_UNUSED_FUNCTION = YES;
				GCC_WARN_UNUSED_VARIABLE = YES;
				IPHONEOS_DEPLOYMENT_TARGET = 18.4;
				LOCALIZATION_PREFERS_STRING_CATALOGS = YES;
				MTL_ENABLE_DEBUG_INFO = NO;
				MTL_FAST_MATH = YES;
				SDKROOT = iphoneos;
				SWIFT_COMPILATION_MODE = wholemodule;
				VALIDATE_PRODUCT = YES;
			};
			name = Release;
		};
		18D70A0E2E0586C9001F9426 /* Debug */ = {
			isa = XCBuildConfiguration;
			buildSettings = {
				BUNDLE_LOADER = "$(TEST_HOST)";
				CODE_SIGN_STYLE = Automatic;
				CURRENT_PROJECT_VERSION = 1;
				DEVELOPMENT_TEAM = 8MF89G73K4;
				GENERATE_INFOPLIST_FILE = YES;
				IPHONEOS_DEPLOYMENT_TARGET = 18.4;
				MARKETING_VERSION = 1.0;
				PRODUCT_BUNDLE_IDENTIFIER = com.rudrigo.MyPrimePlayTests;
				PRODUCT_NAME = "$(TARGET_NAME)";
				SWIFT_EMIT_LOC_STRINGS = NO;
				SWIFT_VERSION = 5.0;
				TARGETED_DEVICE_FAMILY = "1,2";
				TEST_HOST = "$(BUILT_PRODUCTS_DIR)/MyPrimePlay.app/$(BUNDLE_EXECUTABLE_FOLDER_PATH)/MyPrimePlay";
			};
			name = Debug;
		};
		18D70A0F2E0586C9001F9426 /* Release */ = {
			isa = XCBuildConfiguration;
			buildSettings = {
				BUNDLE_LOADER = "$(TEST_HOST)";
				CODE_SIGN_STYLE = Automatic;
				CURRENT_PROJECT_VERSION = 1;
				DEVELOPMENT_TEAM = 8MF89G73K4;
				GENERATE_INFOPLIST_FILE = YES;
				IPHONEOS_DEPLOYMENT_TARGET = 18.4;
				MARKETING_VERSION = 1.0;
				PRODUCT_BUNDLE_IDENTIFIER = com.rudrigo.MyPrimePlayTests;
				PRODUCT_NAME = "$(TARGET_NAME)";
				SWIFT_EMIT_LOC_STRINGS = NO;
				SWIFT_VERSION = 5.0;
				TARGETED_DEVICE_FAMILY = "1,2";
				TEST_HOST = "$(BUILT_PRODUCTS_DIR)/MyPrimePlay.app/$(BUNDLE_EXECUTABLE_FOLDER_PATH)/MyPrimePlay";
			};
			name = Release;
		};
		18D70A112E0586C9001F9426 /* Debug */ = {
			isa = XCBuildConfiguration;
			buildSettings = {
				CODE_SIGN_STYLE = Automatic;
				CURRENT_PROJECT_VERSION = 1;
				DEVELOPMENT_TEAM = 8MF89G73K4;
				GENERATE_INFOPLIST_FILE = YES;
				MARKETING_VERSION = 1.0;
				PRODUCT_BUNDLE_IDENTIFIER = com.rudrigo.MyPrimePlayUITests;
				PRODUCT_NAME = "$(TARGET_NAME)";
				SWIFT_EMIT_LOC_STRINGS = NO;
				SWIFT_VERSION = 5.0;
				TARGETED_DEVICE_FAMILY = "1,2";
				TEST_TARGET_NAME = MyPrimePlay;
			};
			name = Debug;
		};
		18D70A122E0586C9001F9426 /* Release */ = {
			isa = XCBuildConfiguration;
			buildSettings = {
				CODE_SIGN_STYLE = Automatic;
				CURRENT_PROJECT_VERSION = 1;
				DEVELOPMENT_TEAM = 8MF89G73K4;
				GENERATE_INFOPLIST_FILE = YES;
				MARKETING_VERSION = 1.0;
				PRODUCT_BUNDLE_IDENTIFIER = com.rudrigo.MyPrimePlayUITests;
				PRODUCT_NAME = "$(TARGET_NAME)";
				SWIFT_EMIT_LOC_STRINGS = NO;
				SWIFT_VERSION = 5.0;
				TARGETED_DEVICE_FAMILY = "1,2";
				TEST_TARGET_NAME = MyPrimePlay;
			};
			name = Release;
		};
/* End XCBuildConfiguration section */

/* Begin XCConfigurationList section */
		18D709DA2E0586C6001F9426 /* Build configuration list for PBXProject "MyPrimePlay" */ = {
			isa = XCConfigurationList;
			buildConfigurations = (
				18D70A0B2E0586C9001F9426 /* Debug */,
				18D70A0C2E0586C9001F9426 /* Release */,
			);
			defaultConfigurationIsVisible = 0;
			defaultConfigurationName = Release;
		};
		18D70A082E0586C9001F9426 /* Build configuration list for PBXNativeTarget "MyPrimePlay" */ = {
			isa = XCConfigurationList;
			buildConfigurations = (
				18D70A092E0586C9001F9426 /* Debug */,
				18D70A0A2E0586C9001F9426 /* Release */,
			);
			defaultConfigurationIsVisible = 0;
			defaultConfigurationName = Release;
		};
		18D70A0D2E0586C9001F9426 /* Build configuration list for PBXNativeTarget "MyPrimePlayTests" */ = {
			isa = XCConfigurationList;
			buildConfigurations = (
				18D70A0E2E0586C9001F9426 /* Debug */,
				18D70A0F2E0586C9001F9426 /* Release */,
			);
			defaultConfigurationIsVisible = 0;
			defaultConfigurationName = Release;
		};
		18D70A102E0586C9001F9426 /* Build configuration list for PBXNativeTarget "MyPrimePlayUITests" */ = {
			isa = XCConfigurationList;
			buildConfigurations = (
				18D70A112E0586C9001F9426 /* Debug */,
				18D70A122E0586C9001F9426 /* Release */,
			);
			defaultConfigurationIsVisible = 0;
			defaultConfigurationName = Release;
		};
/* End XCConfigurationList section */
	};
	rootObject = 18D709D72E0586C6001F9426 /* Project object */;
}
